
Microsoft Visual Studio Solution File, Format Version 12.00
# Visual Studio 15
VisualStudioVersion = 15.0.27703.2026
MinimumVisualStudioVersion = 10.0.40219.1
Project("{FAE04EC0-301F-11D3-BF4B-00C04F79EFBC}") = "Abstractions.Services.DomainModel", "src\Abstractions.Services.DomainModel\Abstractions.Services.DomainModel.csproj", "{80CBDA03-0DF4-4EF8-BB98-D9A717D7D7C2}"
EndProject
Project("{FAE04EC0-301F-11D3-BF4B-00C04F79EFBC}") = "Services.DomainModel", "src\Services.DomainModel\Services.DomainModel.csproj", "{7A65DEF1-0B40-4CC9-A367-06DDEBF07A32}"
EndProject
Project("{FAE04EC0-301F-11D3-BF4B-00C04F79EFBC}") = "Test.DomainModelService", "test\Test.DomainModelService\Test.DomainModelService.csproj", "{BBEA5932-FAB4-42ED-9DE6-FC19B722A09F}"
EndProject
Global
	GlobalSection(SolutionConfigurationPlatforms) = preSolution
		Debug|Any CPU = Debug|Any CPU
		Release|Any CPU = Release|Any CPU
	EndGlobalSection
	GlobalSection(ProjectConfigurationPlatforms) = postSolution
		{80CBDA03-0DF4-4EF8-BB98-D9A717D7D7C2}.Debug|Any CPU.ActiveCfg = Debug|Any CPU
		{80CBDA03-0DF4-4EF8-BB98-D9A717D7D7C2}.Debug|Any CPU.Build.0 = Debug|Any CPU
		{80CBDA03-0DF4-4EF8-BB98-D9A717D7D7C2}.Release|Any CPU.ActiveCfg = Release|Any CPU
		{80CBDA03-0DF4-4EF8-BB98-D9A717D7D7C2}.Release|Any CPU.Build.0 = Release|Any CPU
		{7A65DEF1-0B40-4CC9-A367-06DDEBF07A32}.Debug|Any CPU.ActiveCfg = Debug|Any CPU
		{7A65DEF1-0B40-4CC9-A367-06DDEBF07A32}.Debug|Any CPU.Build.0 = Debug|Any CPU
		{7A65DEF1-0B40-4CC9-A367-06DDEBF07A32}.Release|Any CPU.ActiveCfg = Release|Any CPU
		{7A65DEF1-0B40-4CC9-A367-06DDEBF07A32}.Release|Any CPU.Build.0 = Release|Any CPU
		{BBEA5932-FAB4-42ED-9DE6-FC19B722A09F}.Debug|Any CPU.ActiveCfg = Debug|Any CPU
		{BBEA5932-FAB4-42ED-9DE6-FC19B722A09F}.Debug|Any CPU.Build.0 = Debug|Any CPU
		{BBEA5932-FAB4-42ED-9DE6-FC19B722A09F}.Release|Any CPU.ActiveCfg = Release|Any CPU
		{BBEA5932-FAB4-42ED-9DE6-FC19B722A09F}.Release|Any CPU.Build.0 = Release|Any CPU
	EndGlobalSection
	GlobalSection(SolutionProperties) = preSolution
		HideSolutionNode = FALSE
	EndGlobalSection
	GlobalSection(ExtensibilityGlobals) = postSolution
		SolutionGuid = {B13A7D00-9CC4-4766-B8EE-67B7107BBA9C}
	EndGlobalSection
EndGlobal
