
Microsoft Visual Studio Solution File, Format Version 12.00
# Visual Studio 15
VisualStudioVersion = 15.0.27703.2026
MinimumVisualStudioVersion = 10.0.40219.1
Project("{9A19103F-16F7-4668-BE54-9A1E7A4F7556}") = "URF.Core.Services.DomainModel", "src\URF.Core.Services.DomainModel\URF.Core.Services.DomainModel.csproj", "{24B46D48-8A1E-4099-9228-9F0E84634268}"
EndProject
Project("{9A19103F-16F7-4668-BE54-9A1E7A4F7556}") = "URF.Core.Abstractions.Services.DomainModel", "src\Abstractions.Services.DomainModel\URF.Core.Abstractions.Services.DomainModel.csproj", "{6FF7C15F-AD32-48D7-8945-48D6C52986E0}"
EndProject
Project("{9A19103F-16F7-4668-BE54-9A1E7A4F7556}") = "URF.Core.Services.DomainModel.Tests", "test\URF.Core.Services.DomainModel.Tests\URF.Core.Services.DomainModel.Tests.csproj", "{359319F4-A49B-417E-AE18-72609811F7CE}"
EndProject
Global
	GlobalSection(SolutionConfigurationPlatforms) = preSolution
		Debug|Any CPU = Debug|Any CPU
		Release|Any CPU = Release|Any CPU
	EndGlobalSection
	GlobalSection(ProjectConfigurationPlatforms) = postSolution
		{24B46D48-8A1E-4099-9228-9F0E84634268}.Debug|Any CPU.ActiveCfg = Debug|Any CPU
		{24B46D48-8A1E-4099-9228-9F0E84634268}.Debug|Any CPU.Build.0 = Debug|Any CPU
		{24B46D48-8A1E-4099-9228-9F0E84634268}.Release|Any CPU.ActiveCfg = Release|Any CPU
		{24B46D48-8A1E-4099-9228-9F0E84634268}.Release|Any CPU.Build.0 = Release|Any CPU
		{6FF7C15F-AD32-48D7-8945-48D6C52986E0}.Debug|Any CPU.ActiveCfg = Debug|Any CPU
		{6FF7C15F-AD32-48D7-8945-48D6C52986E0}.Debug|Any CPU.Build.0 = Debug|Any CPU
		{6FF7C15F-AD32-48D7-8945-48D6C52986E0}.Release|Any CPU.ActiveCfg = Release|Any CPU
		{6FF7C15F-AD32-48D7-8945-48D6C52986E0}.Release|Any CPU.Build.0 = Release|Any CPU
		{359319F4-A49B-417E-AE18-72609811F7CE}.Debug|Any CPU.ActiveCfg = Debug|Any CPU
		{359319F4-A49B-417E-AE18-72609811F7CE}.Debug|Any CPU.Build.0 = Debug|Any CPU
		{359319F4-A49B-417E-AE18-72609811F7CE}.Release|Any CPU.ActiveCfg = Release|Any CPU
		{359319F4-A49B-417E-AE18-72609811F7CE}.Release|Any CPU.Build.0 = Release|Any CPU
	EndGlobalSection
	GlobalSection(SolutionProperties) = preSolution
		HideSolutionNode = FALSE
	EndGlobalSection
	GlobalSection(ExtensibilityGlobals) = postSolution
		SolutionGuid = {B13A7D00-9CC4-4766-B8EE-67B7107BBA9C}
	EndGlobalSection
EndGlobal
